// !$*UTF8*$!
{
	archiveVersion = 1;
	classes = {
	};
	objectVersion = 46;
	objects = {

/* Begin PBXBuildFile section */
		34C8E7DB1DE34D0400DE7B5B /* confidence.cpp in Sources */ = {isa = PBXBuildFile; fileRef = 34C8E7B31DE34D0400DE7B5B /* confidence.cpp */; };
		34C8E7DF1DE34D0400DE7B5B /* fraction.cpp in Sources */ = {isa = PBXBuildFile; fileRef = 34C8E7B91DE34D0400DE7B5B /* fraction.cpp */; };
		34C8E7E21DE34D0400DE7B5B /* main.cpp in Sources */ = {isa = PBXBuildFile; fileRef = 34C8E7BD1DE34D0400DE7B5B /* main.cpp */; };
		34C8E7E61DE34D0400DE7B5B /* model.cpp in Sources */ = {isa = PBXBuildFile; fileRef = 34C8E7C41DE34D0400DE7B5B /* model.cpp */; };
		34C8E7E71DE34D0400DE7B5B /* models.cpp in Sources */ = {isa = PBXBuildFile; fileRef = 34C8E7C61DE34D0400DE7B5B /* models.cpp */; };
		34C8E7E81DE34D0400DE7B5B /* pctl_parser.cpp in Sources */ = {isa = PBXBuildFile; fileRef = 34C8E7C71DE34D0400DE7B5B /* pctl_parser.cpp */; };
		34C8E7E91DE34D0400DE7B5B /* pctl_tokenizer.cpp in Sources */ = {isa = PBXBuildFile; fileRef = 34C8E7C91DE34D0400DE7B5B /* pctl_tokenizer.cpp */; };
		34C8E7EA1DE34D0400DE7B5B /* prism_comms.cpp in Sources */ = {isa = PBXBuildFile; fileRef = 34C8E7CB1DE34D0400DE7B5B /* prism_comms.cpp */; };
		34C8E7EB1DE34D0400DE7B5B /* prism_parser.cpp in Sources */ = {isa = PBXBuildFile; fileRef = 34C8E7CC1DE34D0400DE7B5B /* prism_parser.cpp */; };
		34C8E7EE1DE34D0400DE7B5B /* sample_params.cpp in Sources */ = {isa = PBXBuildFile; fileRef = 34C8E7D41DE34D0400DE7B5B /* sample_params.cpp */; };
		34C8E7F11DE34D0400DE7B5B /* trace.cpp in Sources */ = {isa = PBXBuildFile; fileRef = 34C8E7D91DE34D0400DE7B5B /* trace.cpp */; };
/* End PBXBuildFile section */

/* Begin PBXCopyFilesBuildPhase section */
		34C8E7A71DE34CE500DE7B5B /* CopyFiles */ = {
			isa = PBXCopyFilesBuildPhase;
			buildActionMask = 2147483647;
			dstPath = /usr/share/man/man1/;
			dstSubfolderSpec = 0;
			files = (
			);
			runOnlyForDeploymentPostprocessing = 1;
		};
/* End PBXCopyFilesBuildPhase section */

/* Begin PBXFileReference section */
		34C8E7A91DE34CE500DE7B5B /* BaeVer */ = {isa = PBXFileReference; explicitFileType = "compiled.mach-o.executable"; includeInIndex = 0; path = BaeVer; sourceTree = BUILT_PRODUCTS_DIR; };
		34C8E7B31DE34D0400DE7B5B /* confidence.cpp */ = {isa = PBXFileReference; fileEncoding = 4; lastKnownFileType = sourcecode.cpp.cpp; name = confidence.cpp; path = ../confidence.cpp; sourceTree = "<group>"; };
		34C8E7B41DE34D0400DE7B5B /* confidence.h */ = {isa = PBXFileReference; fileEncoding = 4; lastKnownFileType = sourcecode.c.h; name = confidence.h; path = ../confidence.h; sourceTree = "<group>"; };
		34C8E7B91DE34D0400DE7B5B /* fraction.cpp */ = {isa = PBXFileReference; fileEncoding = 4; lastKnownFileType = sourcecode.cpp.cpp; name = fraction.cpp; path = ../fraction.cpp; sourceTree = "<group>"; };
		34C8E7BA1DE34D0400DE7B5B /* fraction.h */ = {isa = PBXFileReference; fileEncoding = 4; lastKnownFileType = sourcecode.c.h; name = fraction.h; path = ../fraction.h; sourceTree = "<group>"; };
		34C8E7BD1DE34D0400DE7B5B /* main.cpp */ = {isa = PBXFileReference; fileEncoding = 4; lastKnownFileType = sourcecode.cpp.cpp; name = main.cpp; path = ../main.cpp; sourceTree = "<group>"; };
		34C8E7C41DE34D0400DE7B5B /* model.cpp */ = {isa = PBXFileReference; fileEncoding = 4; lastKnownFileType = sourcecode.cpp.cpp; name = model.cpp; path = ../model.cpp; sourceTree = "<group>"; };
		34C8E7C51DE34D0400DE7B5B /* model.h */ = {isa = PBXFileReference; fileEncoding = 4; lastKnownFileType = sourcecode.c.h; name = model.h; path = ../model.h; sourceTree = "<group>"; };
		34C8E7C61DE34D0400DE7B5B /* models.cpp */ = {isa = PBXFileReference; fileEncoding = 4; lastKnownFileType = sourcecode.cpp.cpp; name = models.cpp; path = ../models.cpp; sourceTree = "<group>"; };
		34C8E7C71DE34D0400DE7B5B /* pctl_parser.cpp */ = {isa = PBXFileReference; fileEncoding = 4; lastKnownFileType = sourcecode.cpp.cpp; name = pctl_parser.cpp; path = ../pctl_parser.cpp; sourceTree = "<group>"; };
		34C8E7C81DE34D0400DE7B5B /* pctl_parser.h */ = {isa = PBXFileReference; fileEncoding = 4; lastKnownFileType = sourcecode.c.h; name = pctl_parser.h; path = ../pctl_parser.h; sourceTree = "<group>"; };
		34C8E7C91DE34D0400DE7B5B /* pctl_tokenizer.cpp */ = {isa = PBXFileReference; fileEncoding = 4; lastKnownFileType = sourcecode.cpp.cpp; name = pctl_tokenizer.cpp; path = ../pctl_tokenizer.cpp; sourceTree = "<group>"; };
		34C8E7CA1DE34D0400DE7B5B /* pctl_tokenizer.h */ = {isa = PBXFileReference; fileEncoding = 4; lastKnownFileType = sourcecode.c.h; name = pctl_tokenizer.h; path = ../pctl_tokenizer.h; sourceTree = "<group>"; };
		34C8E7CB1DE34D0400DE7B5B /* prism_comms.cpp */ = {isa = PBXFileReference; fileEncoding = 4; lastKnownFileType = sourcecode.cpp.cpp; name = prism_comms.cpp; path = ../prism_comms.cpp; sourceTree = "<group>"; };
		34C8E7CC1DE34D0400DE7B5B /* prism_parser.cpp */ = {isa = PBXFileReference; fileEncoding = 4; lastKnownFileType = sourcecode.cpp.cpp; name = prism_parser.cpp; path = ../prism_parser.cpp; sourceTree = "<group>"; };
		34C8E7CD1DE34D0400DE7B5B /* prism_parser.h */ = {isa = PBXFileReference; fileEncoding = 4; lastKnownFileType = sourcecode.c.h; name = prism_parser.h; path = ../prism_parser.h; sourceTree = "<group>"; };
		34C8E7D41DE34D0400DE7B5B /* sample_params.cpp */ = {isa = PBXFileReference; fileEncoding = 4; lastKnownFileType = sourcecode.cpp.cpp; name = sample_params.cpp; path = ../sample_params.cpp; sourceTree = "<group>"; };
		34C8E7D91DE34D0400DE7B5B /* trace.cpp */ = {isa = PBXFileReference; fileEncoding = 4; lastKnownFileType = sourcecode.cpp.cpp; name = trace.cpp; path = ../trace.cpp; sourceTree = "<group>"; };
		34C8E7DA1DE34D0400DE7B5B /* trace.h */ = {isa = PBXFileReference; fileEncoding = 4; lastKnownFileType = sourcecode.c.h; name = trace.h; path = ../trace.h; sourceTree = "<group>"; };
/* End PBXFileReference section */

/* Begin PBXFrameworksBuildPhase section */
		34C8E7A61DE34CE500DE7B5B /* Frameworks */ = {
			isa = PBXFrameworksBuildPhase;
			buildActionMask = 2147483647;
			files = (
			);
			runOnlyForDeploymentPostprocessing = 0;
		};
/* End PBXFrameworksBuildPhase section */

/* Begin PBXGroup section */
		34C8E7A01DE34CE400DE7B5B = {
			isa = PBXGroup;
			children = (
				34C8E7B31DE34D0400DE7B5B /* confidence.cpp */,
				34C8E7B41DE34D0400DE7B5B /* confidence.h */,
				34C8E7B91DE34D0400DE7B5B /* fraction.cpp */,
				34C8E7BA1DE34D0400DE7B5B /* fraction.h */,
				34C8E7BD1DE34D0400DE7B5B /* main.cpp */,
				34C8E7C41DE34D0400DE7B5B /* model.cpp */,
				34C8E7C51DE34D0400DE7B5B /* model.h */,
				34C8E7C61DE34D0400DE7B5B /* models.cpp */,
				34C8E7C71DE34D0400DE7B5B /* pctl_parser.cpp */,
				34C8E7C81DE34D0400DE7B5B /* pctl_parser.h */,
				34C8E7C91DE34D0400DE7B5B /* pctl_tokenizer.cpp */,
				34C8E7CA1DE34D0400DE7B5B /* pctl_tokenizer.h */,
				34C8E7CB1DE34D0400DE7B5B /* prism_comms.cpp */,
				34C8E7CC1DE34D0400DE7B5B /* prism_parser.cpp */,
				34C8E7CD1DE34D0400DE7B5B /* prism_parser.h */,
				34C8E7D41DE34D0400DE7B5B /* sample_params.cpp */,
				34C8E7D91DE34D0400DE7B5B /* trace.cpp */,
				34C8E7DA1DE34D0400DE7B5B /* trace.h */,
				34C8E7AA1DE34CE500DE7B5B /* Products */,
			);
			sourceTree = "<group>";
		};
		34C8E7AA1DE34CE500DE7B5B /* Products */ = {
			isa = PBXGroup;
			children = (
				34C8E7A91DE34CE500DE7B5B /* BaeVer */,
			);
			name = Products;
			sourceTree = "<group>";
		};
/* End PBXGroup section */

/* Begin PBXNativeTarget section */
		34C8E7A81DE34CE500DE7B5B /* BaeVer */ = {
			isa = PBXNativeTarget;
			buildConfigurationList = 34C8E7B01DE34CE500DE7B5B /* Build configuration list for PBXNativeTarget "BaeVer" */;
			buildPhases = (
				34C8E7A51DE34CE500DE7B5B /* Sources */,
				34C8E7A61DE34CE500DE7B5B /* Frameworks */,
				34C8E7A71DE34CE500DE7B5B /* CopyFiles */,
			);
			buildRules = (
			);
			dependencies = (
			);
			name = BaeVer;
			productName = BaeVer;
			productReference = 34C8E7A91DE34CE500DE7B5B /* BaeVer */;
			productType = "com.apple.product-type.tool";
		};
/* End PBXNativeTarget section */

/* Begin PBXProject section */
		34C8E7A11DE34CE400DE7B5B /* Project object */ = {
			isa = PBXProject;
			attributes = {
				LastUpgradeCheck = 0730;
				ORGANIZATIONNAME = "Elizabeth Polgreen";
				TargetAttributes = {
					34C8E7A81DE34CE500DE7B5B = {
						CreatedOnToolsVersion = 7.3;
					};
				};
			};
			buildConfigurationList = 34C8E7A41DE34CE400DE7B5B /* Build configuration list for PBXProject "BaeVer" */;
			compatibilityVersion = "Xcode 3.2";
			developmentRegion = English;
			hasScannedForEncodings = 0;
			knownRegions = (
				en,
			);
			mainGroup = 34C8E7A01DE34CE400DE7B5B;
			productRefGroup = 34C8E7AA1DE34CE500DE7B5B /* Products */;
			projectDirPath = "";
			projectRoot = "";
			targets = (
				34C8E7A81DE34CE500DE7B5B /* BaeVer */,
			);
		};
/* End PBXProject section */

/* Begin PBXSourcesBuildPhase section */
		34C8E7A51DE34CE500DE7B5B /* Sources */ = {
			isa = PBXSourcesBuildPhase;
			buildActionMask = 2147483647;
			files = (
				34C8E7EB1DE34D0400DE7B5B /* prism_parser.cpp in Sources */,
				34C8E7E91DE34D0400DE7B5B /* pctl_tokenizer.cpp in Sources */,
				34C8E7DF1DE34D0400DE7B5B /* fraction.cpp in Sources */,
				34C8E7E21DE34D0400DE7B5B /* main.cpp in Sources */,
				34C8E7EA1DE34D0400DE7B5B /* prism_comms.cpp in Sources */,
				34C8E7E71DE34D0400DE7B5B /* models.cpp in Sources */,
				34C8E7DB1DE34D0400DE7B5B /* confidence.cpp in Sources */,
				34C8E7EE1DE34D0400DE7B5B /* sample_params.cpp in Sources */,
				34C8E7F11DE34D0400DE7B5B /* trace.cpp in Sources */,
				34C8E7E61DE34D0400DE7B5B /* model.cpp in Sources */,
				34C8E7E81DE34D0400DE7B5B /* pctl_parser.cpp in Sources */,
			);
			runOnlyForDeploymentPostprocessing = 0;
		};
/* End PBXSourcesBuildPhase section */

/* Begin XCBuildConfiguration section */
		34C8E7AE1DE34CE500DE7B5B /* Debug */ = {
			isa = XCBuildConfiguration;
			buildSettings = {
				ALWAYS_SEARCH_USER_PATHS = NO;
				CLANG_ANALYZER_NONNULL = YES;
				CLANG_CXX_LANGUAGE_STANDARD = "gnu++0x";
				CLANG_CXX_LIBRARY = "libc++";
				CLANG_ENABLE_MODULES = YES;
				CLANG_ENABLE_OBJC_ARC = YES;
				CLANG_WARN_BOOL_CONVERSION = YES;
				CLANG_WARN_CONSTANT_CONVERSION = YES;
				CLANG_WARN_DIRECT_OBJC_ISA_USAGE = YES_ERROR;
				CLANG_WARN_EMPTY_BODY = YES;
				CLANG_WARN_ENUM_CONVERSION = YES;
				CLANG_WARN_INT_CONVERSION = YES;
				CLANG_WARN_OBJC_ROOT_CLASS = YES_ERROR;
				CLANG_WARN_UNREACHABLE_CODE = YES;
				CLANG_WARN__DUPLICATE_METHOD_MATCH = YES;
				CODE_SIGN_IDENTITY = "-";
				COPY_PHASE_STRIP = NO;
				DEBUG_INFORMATION_FORMAT = dwarf;
				ENABLE_STRICT_OBJC_MSGSEND = YES;
				ENABLE_TESTABILITY = YES;
				GCC_C_LANGUAGE_STANDARD = gnu99;
				GCC_DYNAMIC_NO_PIC = NO;
				GCC_NO_COMMON_BLOCKS = YES;
				GCC_OPTIMIZATION_LEVEL = 0;
				GCC_PREPROCESSOR_DEFINITIONS = (
					"DEBUG=1",
					"$(inherited)",
				);
				GCC_WARN_64_TO_32_BIT_CONVERSION = YES;
				GCC_WARN_ABOUT_RETURN_TYPE = YES_ERROR;
				GCC_WARN_UNDECLARED_SELECTOR = YES;
				GCC_WARN_UNINITIALIZED_AUTOS = YES_AGGRESSIVE;
				GCC_WARN_UNUSED_FUNCTION = YES;
				GCC_WARN_UNUSED_VARIABLE = YES;
				MACOSX_DEPLOYMENT_TARGET = 10.11;
				MTL_ENABLE_DEBUG_INFO = YES;
				ONLY_ACTIVE_ARCH = YES;
				SDKROOT = macosx;
			};
			name = Debug;
		};
		34C8E7AF1DE34CE500DE7B5B /* Release */ = {
			isa = XCBuildConfiguration;
			buildSettings = {
				ALWAYS_SEARCH_USER_PATHS = NO;
				CLANG_ANALYZER_NONNULL = YES;
				CLANG_CXX_LANGUAGE_STANDARD = "gnu++0x";
				CLANG_CXX_LIBRARY = "libc++";
				CLANG_ENABLE_MODULES = YES;
				CLANG_ENABLE_OBJC_ARC = YES;
				CLANG_WARN_BOOL_CONVERSION = YES;
				CLANG_WARN_CONSTANT_CONVERSION = YES;
				CLANG_WARN_DIRECT_OBJC_ISA_USAGE = YES_ERROR;
				CLANG_WARN_EMPTY_BODY = YES;
				CLANG_WARN_ENUM_CONVERSION = YES;
				CLANG_WARN_INT_CONVERSION = YES;
				CLANG_WARN_OBJC_ROOT_CLASS = YES_ERROR;
				CLANG_WARN_UNREACHABLE_CODE = YES;
				CLANG_WARN__DUPLICATE_METHOD_MATCH = YES;
				CODE_SIGN_IDENTITY = "-";
				COPY_PHASE_STRIP = NO;
				DEBUG_INFORMATION_FORMAT = "dwarf-with-dsym";
				ENABLE_NS_ASSERTIONS = NO;
				ENABLE_STRICT_OBJC_MSGSEND = YES;
				GCC_C_LANGUAGE_STANDARD = gnu99;
				GCC_NO_COMMON_BLOCKS = YES;
				GCC_WARN_64_TO_32_BIT_CONVERSION = YES;
				GCC_WARN_ABOUT_RETURN_TYPE = YES_ERROR;
				GCC_WARN_UNDECLARED_SELECTOR = YES;
				GCC_WARN_UNINITIALIZED_AUTOS = YES_AGGRESSIVE;
				GCC_WARN_UNUSED_FUNCTION = YES;
				GCC_WARN_UNUSED_VARIABLE = YES;
				MACOSX_DEPLOYMENT_TARGET = 10.11;
				MTL_ENABLE_DEBUG_INFO = NO;
				SDKROOT = macosx;
			};
			name = Release;
		};
		34C8E7B11DE34CE500DE7B5B /* Debug */ = {
			isa = XCBuildConfiguration;
			buildSettings = {
				ALWAYS_SEARCH_USER_PATHS = NO;
				FRAMEWORK_SEARCH_PATHS = /library/Frameworks;
				HEADER_SEARCH_PATHS = /usr/local/include;
				OTHER_LDFLAGS = (
					"-I/usr/local/include",
					"-L/usr/local/lib",
					"-lgsl",
					"-lgslcblas",
				);
				PRODUCT_NAME = "$(TARGET_NAME)";
			};
			name = Debug;
		};
		34C8E7B21DE34CE500DE7B5B /* Release */ = {
			isa = XCBuildConfiguration;
			buildSettings = {
				ALWAYS_SEARCH_USER_PATHS = NO;
				FRAMEWORK_SEARCH_PATHS = /library/Frameworks;
				HEADER_SEARCH_PATHS = /usr/local/include;
				OTHER_LDFLAGS = (
					"-I/usr/local/include",
					"-L/usr/local/lib",
					"-lgsl",
					"-lgslcblas",
				);
				PRODUCT_NAME = "$(TARGET_NAME)";
			};
			name = Release;
		};
/* End XCBuildConfiguration section */

/* Begin XCConfigurationList section */
		34C8E7A41DE34CE400DE7B5B /* Build configuration list for PBXProject "BaeVer" */ = {
			isa = XCConfigurationList;
			buildConfigurations = (
				34C8E7AE1DE34CE500DE7B5B /* Debug */,
				34C8E7AF1DE34CE500DE7B5B /* Release */,
			);
			defaultConfigurationIsVisible = 0;
			defaultConfigurationName = Release;
		};
		34C8E7B01DE34CE500DE7B5B /* Build configuration list for PBXNativeTarget "BaeVer" */ = {
			isa = XCConfigurationList;
			buildConfigurations = (
				34C8E7B11DE34CE500DE7B5B /* Debug */,
				34C8E7B21DE34CE500DE7B5B /* Release */,
			);
			defaultConfigurationIsVisible = 0;
			defaultConfigurationName = Release;
		};
/* End XCConfigurationList section */
	};
	rootObject = 34C8E7A11DE34CE400DE7B5B /* Project object */;
}
